[[package]]
name = "astroid"
version = "2.6.2"
description = "An abstract syntax tree for Python with inference support."
category = "main"
optional = false
python-versions = "~=3.6"

[package.dependencies]
lazy-object-proxy = ">=1.4.0"
wrapt = ">=1.11,<1.13"

[[package]]
name = "autopep8"
version = "1.5.7"
description = "A tool that automatically formats Python code to conform to the PEP 8 style guide"
category = "main"
optional = false
python-versions = "*"

[package.dependencies]
pycodestyle = ">=2.7.0"
toml = "*"

[[package]]
name = "certifi"
version = "2021.5.30"
description = "Python package for providing Mozilla's CA Bundle."
category = "main"
optional = false
python-versions = "*"

[[package]]
name = "chardet"
version = "4.0.0"
description = "Universal encoding detector for Python 2 and 3"
category = "main"
optional = false
python-versions = ">=2.7, !=3.0.*, !=3.1.*, !=3.2.*, !=3.3.*, !=3.4.*"

[[package]]
name = "colorama"
version = "0.4.4"
description = "Cross-platform colored terminal text."
category = "main"
optional = false
python-versions = ">=2.7, !=3.0.*, !=3.1.*, !=3.2.*, !=3.3.*, !=3.4.*"

[[package]]
name = "idna"
version = "2.10"
description = "Internationalized Domain Names in Applications (IDNA)"
category = "main"
optional = false
python-versions = ">=2.7, !=3.0.*, !=3.1.*, !=3.2.*, !=3.3.*"

[[package]]
name = "isort"
version = "5.9.1"
description = "A Python utility / library to sort Python imports."
category = "main"
optional = false
python-versions = ">=3.6.1,<4.0"

[package.extras]
pipfile_deprecated_finder = ["pipreqs", "requirementslib"]
requirements_deprecated_finder = ["pipreqs", "pip-api"]
colors = ["colorama (>=0.4.3,<0.5.0)"]
plugins = ["setuptools"]

[[package]]
name = "joblib"
version = "1.0.1"
description = "Lightweight pipelining with Python functions"
category = "main"
optional = false
python-versions = ">=3.6"

[[package]]
name = "lazy-object-proxy"
version = "1.6.0"
description = "A fast and thorough lazy object proxy."
category = "main"
optional = false
python-versions = ">=2.7, !=3.0.*, !=3.1.*, !=3.2.*, !=3.3.*, !=3.4.*, !=3.5.*"

[[package]]
name = "mccabe"
version = "0.6.1"
description = "McCabe checker, plugin for flake8"
category = "main"
optional = false
python-versions = "*"

[[package]]
name = "pycodestyle"
version = "2.7.0"
description = "Python style guide checker"
category = "main"
optional = false
python-versions = ">=2.7, !=3.0.*, !=3.1.*, !=3.2.*, !=3.3.*"

[[package]]
name = "pylint"
version = "2.9.3"
description = "python code static checker"
category = "main"
optional = false
python-versions = "~=3.6"

[package.dependencies]
astroid = ">=2.6.2,<2.7"
colorama = {version = "*", markers = "sys_platform == \"win32\""}
isort = ">=4.2.5,<6"
mccabe = ">=0.6,<0.7"
toml = ">=0.7.1"

[[package]]
name = "pymongo"
version = "3.11.4"
description = "Python driver for MongoDB <http://www.mongodb.org>"
category = "main"
optional = false
python-versions = "*"

[package.extras]
aws = ["pymongo-auth-aws (<2.0.0)"]
encryption = ["pymongocrypt (<2.0.0)"]
gssapi = ["pykerberos"]
ocsp = ["pyopenssl (>=17.2.0)", "requests (<3.0.0)", "service-identity (>=18.1.0)"]
snappy = ["python-snappy"]
srv = ["dnspython (>=1.16.0,<1.17.0)"]
tls = ["ipaddress"]
zstd = ["zstandard"]

[[package]]
name = "python-dateutil"
version = "2.8.1"
description = "Extensions to the standard Python datetime module"
category = "main"
optional = false
python-versions = "!=3.0.*,!=3.1.*,!=3.2.*,>=2.7"

[package.dependencies]
six = ">=1.5"

[[package]]
name = "requests"
version = "2.25.1"
description = "Python HTTP for Humans."
category = "main"
optional = false
python-versions = ">=2.7, !=3.0.*, !=3.1.*, !=3.2.*, !=3.3.*, !=3.4.*"

[package.dependencies]
certifi = ">=2017.4.17"
chardet = ">=3.0.2,<5"
idna = ">=2.5,<3"
urllib3 = ">=1.21.1,<1.27"

[package.extras]
security = ["pyOpenSSL (>=0.14)", "cryptography (>=1.3.4)"]
socks = ["PySocks (>=1.5.6,!=1.5.7)", "win-inet-pton"]

[[package]]
name = "six"
version = "1.16.0"
description = "Python 2 and 3 compatibility utilities"
category = "main"
optional = false
python-versions = ">=2.7, !=3.0.*, !=3.1.*, !=3.2.*"

[[package]]
name = "termcolor"
version = "1.1.0"
description = "ANSII Color formatting for output in terminal."
category = "main"
optional = false
python-versions = "*"

[[package]]
name = "toml"
version = "0.10.2"
description = "Python Library for Tom's Obvious, Minimal Language"
category = "main"
optional = false
python-versions = ">=2.6, !=3.0.*, !=3.1.*, !=3.2.*"

[[package]]
name = "urllib3"
version = "1.26.6"
description = "HTTP library with thread-safe connection pooling, file post, and more."
category = "main"
optional = false
python-versions = ">=2.7, !=3.0.*, !=3.1.*, !=3.2.*, !=3.3.*, !=3.4.*, <4"

[package.extras]
brotli = ["brotlipy (>=0.6.0)"]
secure = ["pyOpenSSL (>=0.14)", "cryptography (>=1.3.4)", "idna (>=2.0.0)", "certifi", "ipaddress"]
socks = ["PySocks (>=1.5.6,!=1.5.7,<2.0)"]

[[package]]
name = "whdtscraper"
version = "1.0.1"
description = "Wikimedia history dump tsv scraper, a module that scrapes the site and returns to you the available content."
category = "main"
optional = false
python-versions = ">=3.9,<4.0"

[package.dependencies]
requests = ">=2.25.1,<3.0.0"

[[package]]
name = "wrapt"
version = "1.12.1"
description = "Module for decorators, wrappers and monkey patching."
category = "main"
optional = false
python-versions = "*"

[metadata]
lock-version = "1.1"
python-versions = "^3.9"
content-hash = "5d7acc440fef6c32871e5eb3ffbc6eaa7c66d16fd9e0eb1cf9e6af5786683577"

[metadata.files]
astroid = [
    {file = "astroid-2.6.2-py3-none-any.whl", hash = "sha256:606b2911d10c3dcf35e58d2ee5c97360e8477d7b9f3efc3f24811c93e6fc2cd9"},
    {file = "astroid-2.6.2.tar.gz", hash = "sha256:38b95085e9d92e2ca06cf8b35c12a74fa81da395a6f9e65803742e6509c05892"},
]
autopep8 = [
    {file = "autopep8-1.5.7-py2.py3-none-any.whl", hash = "sha256:aa213493c30dcdac99537249ee65b24af0b2c29f2e83cd8b3f68760441ed0db9"},
    {file = "autopep8-1.5.7.tar.gz", hash = "sha256:276ced7e9e3cb22e5d7c14748384a5cf5d9002257c0ed50c0e075b68011bb6d0"},
]
certifi = [
    {file = "certifi-2021.5.30-py2.py3-none-any.whl", hash = "sha256:50b1e4f8446b06f41be7dd6338db18e0990601dce795c2b1686458aa7e8fa7d8"},
    {file = "certifi-2021.5.30.tar.gz", hash = "sha256:2bbf76fd432960138b3ef6dda3dde0544f27cbf8546c458e60baf371917ba9ee"},
]
chardet = [
    {file = "chardet-4.0.0-py2.py3-none-any.whl", hash = "sha256:f864054d66fd9118f2e67044ac8981a54775ec5b67aed0441892edb553d21da5"},
    {file = "chardet-4.0.0.tar.gz", hash = "sha256:0d6f53a15db4120f2b08c94f11e7d93d2c911ee118b6b30a04ec3ee8310179fa"},
]
colorama = [
    {file = "colorama-0.4.4-py2.py3-none-any.whl", hash = "sha256:9f47eda37229f68eee03b24b9748937c7dc3868f906e8ba69fbcbdd3bc5dc3e2"},
    {file = "colorama-0.4.4.tar.gz", hash = "sha256:5941b2b48a20143d2267e95b1c2a7603ce057ee39fd88e7329b0c292aa16869b"},
]
idna = [
    {file = "idna-2.10-py2.py3-none-any.whl", hash = "sha256:b97d804b1e9b523befed77c48dacec60e6dcb0b5391d57af6a65a312a90648c0"},
    {file = "idna-2.10.tar.gz", hash = "sha256:b307872f855b18632ce0c21c5e45be78c0ea7ae4c15c828c20788b26921eb3f6"},
]
isort = [
    {file = "isort-5.9.1-py3-none-any.whl", hash = "sha256:8e2c107091cfec7286bc0f68a547d0ba4c094d460b732075b6fba674f1035c0c"},
    {file = "isort-5.9.1.tar.gz", hash = "sha256:83510593e07e433b77bd5bff0f6f607dbafa06d1a89022616f02d8b699cfcd56"},
]
joblib = [
    {file = "joblib-1.0.1-py3-none-any.whl", hash = "sha256:feeb1ec69c4d45129954f1b7034954241eedfd6ba39b5e9e4b6883be3332d5e5"},
    {file = "joblib-1.0.1.tar.gz", hash = "sha256:9c17567692206d2f3fb9ecf5e991084254fe631665c450b443761c4186a613f7"},
]
lazy-object-proxy = [
    {file = "lazy-object-proxy-1.6.0.tar.gz", hash = "sha256:489000d368377571c6f982fba6497f2aa13c6d1facc40660963da62f5c379726"},
    {file = "lazy_object_proxy-1.6.0-cp27-cp27m-macosx_10_14_x86_64.whl", hash = "sha256:c6938967f8528b3668622a9ed3b31d145fab161a32f5891ea7b84f6b790be05b"},
    {file = "lazy_object_proxy-1.6.0-cp27-cp27m-win32.whl", hash = "sha256:ebfd274dcd5133e0afae738e6d9da4323c3eb021b3e13052d8cbd0e457b1256e"},
    {file = "lazy_object_proxy-1.6.0-cp27-cp27m-win_amd64.whl", hash = "sha256:ed361bb83436f117f9917d282a456f9e5009ea12fd6de8742d1a4752c3017e93"},
    {file = "lazy_object_proxy-1.6.0-cp27-cp27mu-manylinux1_x86_64.whl", hash = "sha256:d900d949b707778696fdf01036f58c9876a0d8bfe116e8d220cfd4b15f14e741"},
    {file = "lazy_object_proxy-1.6.0-cp36-cp36m-manylinux1_x86_64.whl", hash = "sha256:5743a5ab42ae40caa8421b320ebf3a998f89c85cdc8376d6b2e00bd12bd1b587"},
    {file = "lazy_object_proxy-1.6.0-cp36-cp36m-manylinux2014_aarch64.whl", hash = "sha256:bf34e368e8dd976423396555078def5cfc3039ebc6fc06d1ae2c5a65eebbcde4"},
    {file = "lazy_object_proxy-1.6.0-cp36-cp36m-win32.whl", hash = "sha256:b579f8acbf2bdd9ea200b1d5dea36abd93cabf56cf626ab9c744a432e15c815f"},
    {file = "lazy_object_proxy-1.6.0-cp36-cp36m-win_amd64.whl", hash = "sha256:4f60460e9f1eb632584c9685bccea152f4ac2130e299784dbaf9fae9f49891b3"},
    {file = "lazy_object_proxy-1.6.0-cp37-cp37m-manylinux1_x86_64.whl", hash = "sha256:d7124f52f3bd259f510651450e18e0fd081ed82f3c08541dffc7b94b883aa981"},
    {file = "lazy_object_proxy-1.6.0-cp37-cp37m-manylinux2014_aarch64.whl", hash = "sha256:22ddd618cefe54305df49e4c069fa65715be4ad0e78e8d252a33debf00f6ede2"},
    {file = "lazy_object_proxy-1.6.0-cp37-cp37m-win32.whl", hash = "sha256:9d397bf41caad3f489e10774667310d73cb9c4258e9aed94b9ec734b34b495fd"},
    {file = "lazy_object_proxy-1.6.0-cp37-cp37m-win_amd64.whl", hash = "sha256:24a5045889cc2729033b3e604d496c2b6f588c754f7a62027ad4437a7ecc4837"},
    {file = "lazy_object_proxy-1.6.0-cp38-cp38-manylinux1_x86_64.whl", hash = "sha256:17e0967ba374fc24141738c69736da90e94419338fd4c7c7bef01ee26b339653"},
    {file = "lazy_object_proxy-1.6.0-cp38-cp38-manylinux2014_aarch64.whl", hash = "sha256:410283732af311b51b837894fa2f24f2c0039aa7f220135192b38fcc42bd43d3"},
    {file = "lazy_object_proxy-1.6.0-cp38-cp38-win32.whl", hash = "sha256:85fb7608121fd5621cc4377a8961d0b32ccf84a7285b4f1d21988b2eae2868e8"},
    {file = "lazy_object_proxy-1.6.0-cp38-cp38-win_amd64.whl", hash = "sha256:d1c2676e3d840852a2de7c7d5d76407c772927addff8d742b9808fe0afccebdf"},
    {file = "lazy_object_proxy-1.6.0-cp39-cp39-macosx_10_14_x86_64.whl", hash = "sha256:b865b01a2e7f96db0c5d12cfea590f98d8c5ba64ad222300d93ce6ff9138bcad"},
    {file = "lazy_object_proxy-1.6.0-cp39-cp39-manylinux1_x86_64.whl", hash = "sha256:4732c765372bd78a2d6b2150a6e99d00a78ec963375f236979c0626b97ed8e43"},
    {file = "lazy_object_proxy-1.6.0-cp39-cp39-manylinux2014_aarch64.whl", hash = "sha256:9698110e36e2df951c7c36b6729e96429c9c32b3331989ef19976592c5f3c77a"},
    {file = "lazy_object_proxy-1.6.0-cp39-cp39-win32.whl", hash = "sha256:1fee665d2638491f4d6e55bd483e15ef21f6c8c2095f235fef72601021e64f61"},
    {file = "lazy_object_proxy-1.6.0-cp39-cp39-win_amd64.whl", hash = "sha256:f5144c75445ae3ca2057faac03fda5a902eff196702b0a24daf1d6ce0650514b"},
]
mccabe = [
    {file = "mccabe-0.6.1-py2.py3-none-any.whl", hash = "sha256:ab8a6258860da4b6677da4bd2fe5dc2c659cff31b3ee4f7f5d64e79735b80d42"},
    {file = "mccabe-0.6.1.tar.gz", hash = "sha256:dd8d182285a0fe56bace7f45b5e7d1a6ebcbf524e8f3bd87eb0f125271b8831f"},
]
pycodestyle = [
    {file = "pycodestyle-2.7.0-py2.py3-none-any.whl", hash = "sha256:514f76d918fcc0b55c6680472f0a37970994e07bbb80725808c17089be302068"},
    {file = "pycodestyle-2.7.0.tar.gz", hash = "sha256:c389c1d06bf7904078ca03399a4816f974a1d590090fecea0c63ec26ebaf1cef"},
]
pylint = [
    {file = "pylint-2.9.3-py3-none-any.whl", hash = "sha256:5d46330e6b8886c31b5e3aba5ff48c10f4aa5e76cbf9002c6544306221e63fbc"},
    {file = "pylint-2.9.3.tar.gz", hash = "sha256:23a1dc8b30459d78e9ff25942c61bb936108ccbe29dd9e71c01dc8274961709a"},
]
pymongo = [
    {file = "pymongo-3.11.4-cp27-cp27m-macosx_10_14_intel.whl", hash = "sha256:b7efc7e7049ef366777cfd35437c18a4166bb50a5606a1c840ee3b9624b54fc9"},
    {file = "pymongo-3.11.4-cp27-cp27m-manylinux1_i686.whl", hash = "sha256:517ba47ca04a55b1f50ee8df9fd97f6c37df5537d118fb2718952b8623860466"},
    {file = "pymongo-3.11.4-cp27-cp27m-manylinux1_x86_64.whl", hash = "sha256:225c61e08fe517aede7912937939e09adf086c8e6f7e40d4c85ad678c2c2aea3"},
    {file = "pymongo-3.11.4-cp27-cp27m-win32.whl", hash = "sha256:e4e9db78b71db2b1684ee4ecc3e32c4600f18cdf76e6b9ae03e338e52ee4b168"},
    {file = "pymongo-3.11.4-cp27-cp27m-win_amd64.whl", hash = "sha256:8e0004b0393d72d76de94b4792a006cb960c1c65c7659930fbf9a81ce4341982"},
    {file = "pymongo-3.11.4-cp27-cp27mu-manylinux1_i686.whl", hash = "sha256:fedf0dee7a412ca6d1d6d92c158fe9cbaa8ea0cae90d268f9ccc0744de7a97d0"},
    {file = "pymongo-3.11.4-cp27-cp27mu-manylinux1_x86_64.whl", hash = "sha256:f947b359cc4769af8b49be7e37af01f05fcf15b401da2528021148e4a54426d1"},
    {file = "pymongo-3.11.4-cp34-cp34m-macosx_10_6_intel.whl", hash = "sha256:3a3498a8326111221560e930f198b495ea6926937e249f475052ffc6893a6680"},
    {file = "pymongo-3.11.4-cp34-cp34m-manylinux1_i686.whl", hash = "sha256:9a4f6e0b01df820ba9ed0b4e618ca83a1c089e48d4f268d0e00dcd49893d4549"},
    {file = "pymongo-3.11.4-cp34-cp34m-manylinux1_x86_64.whl", hash = "sha256:d65bac5f6724d9ea6f0b5a0f0e4952fbbf209adcf6b5583b54c54bd2fcd74dc0"},
    {file = "pymongo-3.11.4-cp34-cp34m-win32.whl", hash = "sha256:15b083d1b789b230e5ac284442d9ecb113c93f3785a6824f748befaab803b812"},
    {file = "pymongo-3.11.4-cp34-cp34m-win_amd64.whl", hash = "sha256:f08665d3cc5abc2f770f472a9b5f720a9b3ab0b8b3bb97c7c1487515e5653d39"},
    {file = "pymongo-3.11.4-cp35-cp35m-macosx_10_6_intel.whl", hash = "sha256:977b1d4f868986b4ba5d03c317fde4d3b66e687d74473130cd598e3103db34fa"},
    {file = "pymongo-3.11.4-cp35-cp35m-manylinux1_i686.whl", hash = "sha256:510cd3bfabb63a07405b7b79fae63127e34c118b7531a2cbbafc7a24fd878594"},
    {file = "pymongo-3.11.4-cp35-cp35m-manylinux1_x86_64.whl", hash = "sha256:071552b065e809d24c5653fcc14968cfd6fde4e279408640d5ac58e3353a3c5f"},
    {file = "pymongo-3.11.4-cp35-cp35m-manylinux2014_aarch64.whl", hash = "sha256:f4ba58157e8ae33ee86fadf9062c506e535afd904f07f9be32731f4410a23b7f"},
    {file = "pymongo-3.11.4-cp35-cp35m-manylinux2014_i686.whl", hash = "sha256:b413117210fa6d92664c3d860571e8e8727c3e8f2ff197276c5d0cb365abd3ad"},
    {file = "pymongo-3.11.4-cp35-cp35m-manylinux2014_ppc64le.whl", hash = "sha256:08b8723248730599c9803ae4c97b8f3f76c55219104303c88cb962a31e3bb5ee"},
    {file = "pymongo-3.11.4-cp35-cp35m-manylinux2014_s390x.whl", hash = "sha256:8a41fdc751dc4707a4fafb111c442411816a7c225ebb5cadb57599534b5d5372"},
    {file = "pymongo-3.11.4-cp35-cp35m-manylinux2014_x86_64.whl", hash = "sha256:f664ed7613b8b18f0ce5696b146776266a038c19c5cd6efffa08ecc189b01b73"},
    {file = "pymongo-3.11.4-cp35-cp35m-win32.whl", hash = "sha256:5c36428cc4f7fae56354db7f46677fd21222fc3cb1e8829549b851172033e043"},
    {file = "pymongo-3.11.4-cp35-cp35m-win_amd64.whl", hash = "sha256:d0a70151d7de8a3194cdc906bcc1a42e14594787c64b0c1c9c975e5a2af3e251"},
    {file = "pymongo-3.11.4-cp36-cp36m-macosx_10_6_intel.whl", hash = "sha256:9b9298964389c180a063a9e8bac8a80ed42de11d04166b20249bfa0a489e0e0f"},
    {file = "pymongo-3.11.4-cp36-cp36m-manylinux1_i686.whl", hash = "sha256:b2f41261b648cf5dee425f37ff14f4ad151c2f24b827052b402637158fd056ef"},
    {file = "pymongo-3.11.4-cp36-cp36m-manylinux1_x86_64.whl", hash = "sha256:e02beaab433fd1104b2804f909e694cfbdb6578020740a9051597adc1cd4e19f"},
    {file = "pymongo-3.11.4-cp36-cp36m-manylinux2014_aarch64.whl", hash = "sha256:8898f6699f740ca93a0879ed07d8e6db02d68af889d0ebb3d13ab017e6b1af1e"},
    {file = "pymongo-3.11.4-cp36-cp36m-manylinux2014_i686.whl", hash = "sha256:62c29bc36a6d9be68fe7b5aaf1e120b4aa66a958d1e146601fcd583eb12cae7b"},
    {file = "pymongo-3.11.4-cp36-cp36m-manylinux2014_ppc64le.whl", hash = "sha256:424799c71ff435094e5fb823c40eebb4500f0e048133311e9c026467e8ccebac"},
    {file = "pymongo-3.11.4-cp36-cp36m-manylinux2014_s390x.whl", hash = "sha256:3551912f5c34d8dd7c32c6bb00ae04192af47f7b9f653608f107d19c1a21a194"},
    {file = "pymongo-3.11.4-cp36-cp36m-manylinux2014_x86_64.whl", hash = "sha256:5db59223ed1e634d842a053325f85f908359c6dac9c8ddce8ef145061fae7df8"},
    {file = "pymongo-3.11.4-cp36-cp36m-win32.whl", hash = "sha256:fea5cb1c63efe1399f0812532c7cf65458d38fd011be350bc5021dfcac39fba8"},
    {file = "pymongo-3.11.4-cp36-cp36m-win_amd64.whl", hash = "sha256:d4e62417e89b717a7bcd8576ac3108cd063225942cc91c5b37ff5465fdccd386"},
    {file = "pymongo-3.11.4-cp37-cp37m-macosx_10_6_intel.whl", hash = "sha256:4c7e8c8e1e1918dcf6a652ac4b9d87164587c26fd2ce5dd81e73a5ab3b3d492f"},
    {file = "pymongo-3.11.4-cp37-cp37m-manylinux1_i686.whl", hash = "sha256:38a7b5140a48fc91681cdb5cb95b7cd64640b43d19259fdd707fa9d5a715f2b2"},
    {file = "pymongo-3.11.4-cp37-cp37m-manylinux1_x86_64.whl", hash = "sha256:aff3656af2add93f290731a6b8930b23b35c0c09569150130a58192b3ec6fc61"},
    {file = "pymongo-3.11.4-cp37-cp37m-manylinux2014_aarch64.whl", hash = "sha256:03be7ad107d252bb7325d4af6309fdd2c025d08854d35f0e7abc8bf048f4245e"},
    {file = "pymongo-3.11.4-cp37-cp37m-manylinux2014_i686.whl", hash = "sha256:6060794aac9f7b0644b299f46a9c6cbc0bc470bd01572f4134df140afd41ded6"},
    {file = "pymongo-3.11.4-cp37-cp37m-manylinux2014_ppc64le.whl", hash = "sha256:73326b211e7410c8bd6a74500b1e3f392f39cf10862e243d00937e924f112c01"},
    {file = "pymongo-3.11.4-cp37-cp37m-manylinux2014_s390x.whl", hash = "sha256:20d75ea11527331a2980ab04762a9d960bcfea9475c54bbeab777af880de61cd"},
    {file = "pymongo-3.11.4-cp37-cp37m-manylinux2014_x86_64.whl", hash = "sha256:3135dd574ef1286189f3f04a36c8b7a256376914f8cbbce66b94f13125ded858"},
    {file = "pymongo-3.11.4-cp37-cp37m-win32.whl", hash = "sha256:7c97554ea521f898753d9773891d0347ebfaddcc1dee2ad94850b163171bf1f1"},
    {file = "pymongo-3.11.4-cp37-cp37m-win_amd64.whl", hash = "sha256:a08c8b322b671857c81f4c30cd3c8df2895fd3c0e9358714f39e0ef8fb327702"},
    {file = "pymongo-3.11.4-cp38-cp38-macosx_10_9_x86_64.whl", hash = "sha256:f3d851af3852f16ad4adc7ee054fd9c90a7a5063de94d815b7f6a88477b9f4c6"},
    {file = "pymongo-3.11.4-cp38-cp38-manylinux1_i686.whl", hash = "sha256:3bfc7689a1bacb9bcd2f2d5185d99507aa29f667a58dd8adaa43b5a348139e46"},
    {file = "pymongo-3.11.4-cp38-cp38-manylinux1_x86_64.whl", hash = "sha256:b8f94acd52e530a38f25e4d5bf7ddfdd4bea9193e718f58419def0d4406b58d3"},
    {file = "pymongo-3.11.4-cp38-cp38-manylinux2014_aarch64.whl", hash = "sha256:e4b631688dfbdd61b5610e20b64b99d25771c6d52d9da73349342d2a0f11c46a"},
    {file = "pymongo-3.11.4-cp38-cp38-manylinux2014_i686.whl", hash = "sha256:474e21d0e07cd09679e357d1dac76e570dab86665e79a9d3354b10a279ac6fb3"},
    {file = "pymongo-3.11.4-cp38-cp38-manylinux2014_ppc64le.whl", hash = "sha256:421d13523d11c57f57f257152bc4a6bb463aadf7a3918e9c96fefdd6be8dbfb8"},
    {file = "pymongo-3.11.4-cp38-cp38-manylinux2014_s390x.whl", hash = "sha256:0cabfc297f4cf921f15bc789a8fbfd7115eb9f813d3f47a74b609894bc66ab0d"},
    {file = "pymongo-3.11.4-cp38-cp38-manylinux2014_x86_64.whl", hash = "sha256:fe4189846448df013cd9df11bba38ddf78043f8c290a9f06430732a7a8601cce"},
    {file = "pymongo-3.11.4-cp38-cp38-win32.whl", hash = "sha256:eb4d176394c37a76e8b0afe54b12d58614a67a60a7f8c0dd3a5afbb013c01092"},
    {file = "pymongo-3.11.4-cp38-cp38-win_amd64.whl", hash = "sha256:fffff7bfb6799a763d3742c59c6ee7ffadda21abed557637bc44ed1080876484"},
    {file = "pymongo-3.11.4-cp39-cp39-macosx_10_9_x86_64.whl", hash = "sha256:13acf6164ead81c9fc2afa0e1ea6d6134352973ce2bb35496834fee057063c04"},
    {file = "pymongo-3.11.4-cp39-cp39-manylinux1_i686.whl", hash = "sha256:d360e5d5dd3d55bf5d1776964625018d85b937d1032bae1926dd52253decd0db"},
    {file = "pymongo-3.11.4-cp39-cp39-manylinux1_x86_64.whl", hash = "sha256:0aaf4d44f1f819360f9432df538d54bbf850f18152f34e20337c01b828479171"},
    {file = "pymongo-3.11.4-cp39-cp39-manylinux2014_aarch64.whl", hash = "sha256:08bda7b2c522ff9f1e554570da16298271ebb0c56ab9699446aacba249008988"},
    {file = "pymongo-3.11.4-cp39-cp39-manylinux2014_i686.whl", hash = "sha256:1a994a42f49dab5b6287e499be7d3d2751776486229980d8857ad53b8333d469"},
    {file = "pymongo-3.11.4-cp39-cp39-manylinux2014_ppc64le.whl", hash = "sha256:161fcd3281c42f644aa8dec7753cca2af03ce654e17d76da4f0dab34a12480ca"},
    {file = "pymongo-3.11.4-cp39-cp39-manylinux2014_s390x.whl", hash = "sha256:78f07961f4f214ea8e80be63cffd5cc158eb06cd922ffbf6c7155b11728f28f9"},
    {file = "pymongo-3.11.4-cp39-cp39-manylinux2014_x86_64.whl", hash = "sha256:ad31f184dcd3271de26ab1f9c51574afb99e1b0e484ab1da3641256b723e4994"},
    {file = "pymongo-3.11.4-cp39-cp39-win32.whl", hash = "sha256:5e606846c049ed40940524057bfdf1105af6066688c0e6a1a3ce2038589bae70"},
    {file = "pymongo-3.11.4-cp39-cp39-win_amd64.whl", hash = "sha256:3491c7de09e44eded16824cb58cf9b5cc1dc6f066a0bb7aa69929d02aa53b828"},
    {file = "pymongo-3.11.4-py2.7-macosx-10.14-intel.egg", hash = "sha256:506a6dab4c7ffdcacdf0b8e70bd20eb2e77fa994519547c9d88d676400fcad58"},
    {file = "pymongo-3.11.4.tar.gz", hash = "sha256:539d4cb1b16b57026999c53e5aab857fe706e70ae5310cc8c232479923f932e6"},
]
python-dateutil = [
    {file = "python-dateutil-2.8.1.tar.gz", hash = "sha256:73ebfe9dbf22e832286dafa60473e4cd239f8592f699aa5adaf10050e6e1823c"},
    {file = "python_dateutil-2.8.1-py2.py3-none-any.whl", hash = "sha256:75bb3f31ea686f1197762692a9ee6a7550b59fc6ca3a1f4b5d7e32fb98e2da2a"},
]
requests = [
    {file = "requests-2.25.1-py2.py3-none-any.whl", hash = "sha256:c210084e36a42ae6b9219e00e48287def368a26d03a048ddad7bfee44f75871e"},
    {file = "requests-2.25.1.tar.gz", hash = "sha256:27973dd4a904a4f13b263a19c866c13b92a39ed1c964655f025f3f8d3d75b804"},
]
six = [
    {file = "six-1.16.0-py2.py3-none-any.whl", hash = "sha256:8abb2f1d86890a2dfb989f9a77cfcfd3e47c2a354b01111771326f8aa26e0254"},
    {file = "six-1.16.0.tar.gz", hash = "sha256:1e61c37477a1626458e36f7b1d82aa5c9b094fa4802892072e49de9c60c4c926"},
]
termcolor = [
    {file = "termcolor-1.1.0.tar.gz", hash = "sha256:1d6d69ce66211143803fbc56652b41d73b4a400a2891d7bf7a1cdf4c02de613b"},
]
toml = [
    {file = "toml-0.10.2-py2.py3-none-any.whl", hash = "sha256:806143ae5bfb6a3c6e736a764057db0e6a0e05e338b5630894a5f779cabb4f9b"},
    {file = "toml-0.10.2.tar.gz", hash = "sha256:b3bda1d108d5dd99f4a20d24d9c348e91c4db7ab1b749200bded2f839ccbe68f"},
]
urllib3 = [
    {file = "urllib3-1.26.6-py2.py3-none-any.whl", hash = "sha256:39fb8672126159acb139a7718dd10806104dec1e2f0f6c88aab05d17df10c8d4"},
    {file = "urllib3-1.26.6.tar.gz", hash = "sha256:f57b4c16c62fa2760b7e3d97c35b255512fb6b59a259730f36ba32ce9f8e342f"},
]
whdtscraper = [
    {file = "whdtscraper-1.0.1-py3-none-any.whl", hash = "sha256:a17aa1f91df1c383af97ec3d106ed137faba36775c47250550f7f0ceb9ece9eb"},
    {file = "whdtscraper-1.0.1.tar.gz", hash = "sha256:dd959745ee1fde94e2b827ede36ea2bbf564b8d545f17be39184e18922b2a606"},
]
wrapt = [
    {file = "wrapt-1.12.1.tar.gz", hash = "sha256:b62ffa81fb85f4332a4f609cab4ac40709470da05643a082ec1eb88e6d9b97d7"},
]
